PODS:
  - LBXScan (1.1.1):
    - ZXingObjC (~> 3.0)
  - ZXingObjC (3.1.0):
    - ZXingObjC/All (= 3.1.0)
  - ZXingObjC/All (3.1.0)

DEPENDENCIES:
  - LBXScan

SPEC CHECKSUMS:
  LBXScan: dfb4d8ae8e4cff2aa0c9e1771e43954dce1469a9
  ZXingObjC: bf15b3814f7a105b6d99f47da2333c93a063650a

PODFILE CHECKSUM: 52050166d74978a1b2344b7e246b63eb40ef643b

COCOAPODS: 1.2.1.beta.1
